// !$*UTF8*$!
{
	archiveVersion = 1;
	classes = {
	};
	objectVersion = 46;
	objects = {

/* Begin PBXBuildFile section */
		FDB902201E94CB8A008CBAB1 /* AppDelegate.swift in Sources */ = {isa = PBXBuildFile; fileRef = FDB9021F1E94CB8A008CBAB1 /* AppDelegate.swift */; };
		FDB902221E94CB8A008CBAB1 /* ViewController.swift in Sources */ = {isa = PBXBuildFile; fileRef = FDB902211E94CB8A008CBAB1 /* ViewController.swift */; };
		FDB902251E94CB8A008CBAB1 /* Main.storyboard in Resources */ = {isa = PBXBuildFile; fileRef = FDB902231E94CB8A008CBAB1 /* Main.storyboard */; };
		FDB902271E94CB8A008CBAB1 /* Assets.xcassets in Resources */ = {isa = PBXBuildFile; fileRef = FDB902261E94CB8A008CBAB1 /* Assets.xcassets */; };
		FDB9022A1E94CB8A008CBAB1 /* LaunchScreen.storyboard in Resources */ = {isa = PBXBuildFile; fileRef = FDB902281E94CB8A008CBAB1 /* LaunchScreen.storyboard */; };
		FDB902341E94CE1F008CBAB1 /* Italy_flag.png in Resources */ = {isa = PBXBuildFile; fileRef = FDB902331E94CE1F008CBAB1 /* Italy_flag.png */; };
/* End PBXBuildFile section */

/* Begin PBXFileReference section */
		FDB9021C1E94CB8A008CBAB1 /* FlagHomework.app */ = {isa = PBXFileReference; explicitFileType = wrapper.application; includeInIndex = 0; path = FlagHomework.app; sourceTree = BUILT_PRODUCTS_DIR; };
		FDB9021F1E94CB8A008CBAB1 /* AppDelegate.swift */ = {isa = PBXFileReference; lastKnownFileType = sourcecode.swift; path = AppDelegate.swift; sourceTree = "<group>"; };
		FDB902211E94CB8A008CBAB1 /* ViewController.swift */ = {isa = PBXFileReference; lastKnownFileType = sourcecode.swift; path = ViewController.swift; sourceTree = "<group>"; };
		FDB902241E94CB8A008CBAB1 /* Base */ = {isa = PBXFileReference; lastKnownFileType = file.storyboard; name = Base; path = Base.lproj/Main.storyboard; sourceTree = "<group>"; };
		FDB902261E94CB8A008CBAB1 /* Assets.xcassets */ = {isa = PBXFileReference; lastKnownFileType = folder.assetcatalog; path = Assets.xcassets; sourceTree = "<group>"; };
		FDB902291E94CB8A008CBAB1 /* Base */ = {isa = PBXFileReference; lastKnownFileType = file.storyboard; name = Base; path = Base.lproj/LaunchScreen.storyboard; sourceTree = "<group>"; };
		FDB9022B1E94CB8A008CBAB1 /* Info.plist */ = {isa = PBXFileReference; lastKnownFileType = text.plist.xml; path = Info.plist; sourceTree = "<group>"; };
		FDB902331E94CE1F008CBAB1 /* Italy_flag.png */ = {isa = PBXFileReference; lastKnownFileType = image.png; path = Italy_flag.png; sourceTree = "<group>"; };
/* End PBXFileReference section */

/* Begin PBXFrameworksBuildPhase section */
		FDB902191E94CB8A008CBAB1 /* Frameworks */ = {
			isa = PBXFrameworksBuildPhase;
			buildActionMask = 2147483647;
			files = (
			);
			runOnlyForDeploymentPostprocessing = 0;
		};
/* End PBXFrameworksBuildPhase section */

/* Begin PBXGroup section */
		FDB902131E94CB8A008CBAB1 = {
			isa = PBXGroup;
			children = (
				FDB9021E1E94CB8A008CBAB1 /* FlagHomework */,
				FDB9021D1E94CB8A008CBAB1 /* Products */,
			);
			sourceTree = "<group>";
		};
		FDB9021D1E94CB8A008CBAB1 /* Products */ = {
			isa = PBXGroup;
			children = (
				FDB9021C1E94CB8A008CBAB1 /* FlagHomework.app */,
			);
			name = Products;
			sourceTree = "<group>";
		};
		FDB9021E1E94CB8A008CBAB1 /* FlagHomework */ = {
			isa = PBXGroup;
			children = (
				FDB9021F1E94CB8A008CBAB1 /* AppDelegate.swift */,
				FDB902211E94CB8A008CBAB1 /* ViewController.swift */,
				FDB902311E94CBFF008CBAB1 /* Images */,
				FDB902321E94CC15008CBAB1 /* Controllers */,
				FDB902231E94CB8A008CBAB1 /* Main.storyboard */,
				FDB902261E94CB8A008CBAB1 /* Assets.xcassets */,
				FDB902281E94CB8A008CBAB1 /* LaunchScreen.storyboard */,
				FDB9022B1E94CB8A008CBAB1 /* Info.plist */,
			);
			path = FlagHomework;
			sourceTree = "<group>";
		};
		FDB902311E94CBFF008CBAB1 /* Images */ = {
			isa = PBXGroup;
			children = (
				FDB902331E94CE1F008CBAB1 /* Italy_flag.png */,
			);
			path = Images;
			sourceTree = "<group>";
		};
		FDB902321E94CC15008CBAB1 /* Controllers */ = {
			isa = PBXGroup;
			children = (
			);
			path = Controllers;
			sourceTree = "<group>";
		};
/* End PBXGroup section */

/* Begin PBXNativeTarget section */
		FDB9021B1E94CB8A008CBAB1 /* FlagHomework */ = {
			isa = PBXNativeTarget;
			buildConfigurationList = FDB9022E1E94CB8A008CBAB1 /* Build configuration list for PBXNativeTarget "FlagHomework" */;
			buildPhases = (
				FDB902181E94CB8A008CBAB1 /* Sources */,
				FDB902191E94CB8A008CBAB1 /* Frameworks */,
				FDB9021A1E94CB8A008CBAB1 /* Resources */,
			);
			buildRules = (
			);
			dependencies = (
			);
			name = FlagHomework;
			productName = FlagHomework;
			productReference = FDB9021C1E94CB8A008CBAB1 /* FlagHomework.app */;
			productType = "com.apple.product-type.application";
		};
/* End PBXNativeTarget section */

/* Begin PBXProject section */
		FDB902141E94CB8A008CBAB1 /* Project object */ = {
			isa = PBXProject;
			attributes = {
				LastSwiftUpdateCheck = 0830;
				LastUpgradeCheck = 0830;
				ORGANIZATIONNAME = "MP Mac";
				TargetAttributes = {
					FDB9021B1E94CB8A008CBAB1 = {
						CreatedOnToolsVersion = 8.3;
						ProvisioningStyle = Automatic;
					};
				};
			};
			buildConfigurationList = FDB902171E94CB8A008CBAB1 /* Build configuration list for PBXProject "FlagHomework" */;
			compatibilityVersion = "Xcode 3.2";
			developmentRegion = English;
			hasScannedForEncodings = 0;
			knownRegions = (
				en,
				Base,
			);
			mainGroup = FDB902131E94CB8A008CBAB1;
			productRefGroup = FDB9021D1E94CB8A008CBAB1 /* Products */;
			projectDirPath = "";
			projectRoot = "";
			targets = (
				FDB9021B1E94CB8A008CBAB1 /* FlagHomework */,
			);
		};
/* End PBXProject section */

/* Begin PBXResourcesBuildPhase section */
		FDB9021A1E94CB8A008CBAB1 /* Resources */ = {
			isa = PBXResourcesBuildPhase;
			buildActionMask = 2147483647;
			files = (
				FDB9022A1E94CB8A008CBAB1 /* LaunchScreen.storyboard in Resources */,
				FDB902341E94CE1F008CBAB1 /* Italy_flag.png in Resources */,
				FDB902271E94CB8A008CBAB1 /* Assets.xcassets in Resources */,
				FDB902251E94CB8A008CBAB1 /* Main.storyboard in Resources */,
			);
			runOnlyForDeploymentPostprocessing = 0;
		};
/* End PBXResourcesBuildPhase section */

/* Begin PBXSourcesBuildPhase section */
		FDB902181E94CB8A008CBAB1 /* Sources */ = {
			isa = PBXSourcesBuildPhase;
			buildActionMask = 2147483647;
			files = (
				FDB902221E94CB8A008CBAB1 /* ViewController.swift in Sources */,
				FDB902201E94CB8A008CBAB1 /* AppDelegate.swift in Sources */,
			);
			runOnlyForDeploymentPostprocessing = 0;
		};
/* End PBXSourcesBuildPhase section */

/* Begin PBXVariantGroup section */
		FDB902231E94CB8A008CBAB1 /* Main.storyboard */ = {
			isa = PBXVariantGroup;
			children = (
				FDB902241E94CB8A008CBAB1 /* Base */,
			);
			name = Main.storyboard;
			sourceTree = "<group>";
		};
		FDB902281E94CB8A008CBAB1 /* LaunchScreen.storyboard */ = {
			isa = PBXVariantGroup;
			children = (
				FDB902291E94CB8A008CBAB1 /* Base */,
			);
			name = LaunchScreen.storyboard;
			sourceTree = "<group>";
		};
/* End PBXVariantGroup section */

/* Begin XCBuildConfiguration section */
		FDB9022C1E94CB8A008CBAB1 /* Debug */ = {
			isa = XCBuildConfiguration;
			buildSettings = {
				ALWAYS_SEARCH_USER_PATHS = NO;
				CLANG_ANALYZER_NONNULL = YES;
				CLANG_ANALYZER_NUMBER_OBJECT_CONVERSION = YES_AGGRESSIVE;
				CLANG_CXX_LANGUAGE_STANDARD = "gnu++0x";
				CLANG_CXX_LIBRARY = "libc++";
				CLANG_ENABLE_MODULES = YES;
				CLANG_ENABLE_OBJC_ARC = YES;
				CLANG_WARN_BOOL_CONVERSION = YES;
				CLANG_WARN_CONSTANT_CONVERSION = YES;
				CLANG_WARN_DIRECT_OBJC_ISA_USAGE = YES_ERROR;
				CLANG_WARN_DOCUMENTATION_COMMENTS = YES;
				CLANG_WARN_EMPTY_BODY = YES;
				CLANG_WARN_ENUM_CONVERSION = YES;
				CLANG_WARN_INFINITE_RECURSION = YES;
				CLANG_WARN_INT_CONVERSION = YES;
				CLANG_WARN_OBJC_ROOT_CLASS = YES_ERROR;
				CLANG_WARN_SUSPICIOUS_MOVE = YES;
				CLANG_WARN_UNREACHABLE_CODE = YES;
				CLANG_WARN__DUPLICATE_METHOD_MATCH = YES;
				"CODE_SIGN_IDENTITY[sdk=iphoneos*]" = "iPhone Developer";
				COPY_PHASE_STRIP = NO;
				DEBUG_INFORMATION_FORMAT = dwarf;
				ENABLE_STRICT_OBJC_MSGSEND = YES;
				ENABLE_TESTABILITY = YES;
				GCC_C_LANGUAGE_STANDARD = gnu99;
				GCC_DYNAMIC_NO_PIC = NO;
				GCC_NO_COMMON_BLOCKS = YES;
				GCC_OPTIMIZATION_LEVEL = 0;
				GCC_PREPROCESSOR_DEFINITIONS = (
					"DEBUG=1",
					"$(inherited)",
				);
				GCC_WARN_64_TO_32_BIT_CONVERSION = YES;
				GCC_WARN_ABOUT_RETURN_TYPE = YES_ERROR;
				GCC_WARN_UNDECLARED_SELECTOR = YES;
				GCC_WARN_UNINITIALIZED_AUTOS = YES_AGGRESSIVE;
				GCC_WARN_UNUSED_FUNCTION = YES;
				GCC_WARN_UNUSED_VARIABLE = YES;
				IPHONEOS_DEPLOYMENT_TARGET = 10.3;
				MTL_ENABLE_DEBUG_INFO = YES;
				ONLY_ACTIVE_ARCH = YES;
				SDKROOT = iphoneos;
				SWIFT_ACTIVE_COMPILATION_CONDITIONS = DEBUG;
				SWIFT_OPTIMIZATION_LEVEL = "-Onone";
			};
			name = Debug;
		};
		FDB9022D1E94CB8A008CBAB1 /* Release */ = {
			isa = XCBuildConfiguration;
			buildSettings = {
				ALWAYS_SEARCH_USER_PATHS = NO;
				CLANG_ANALYZER_NONNULL = YES;
				CLANG_ANALYZER_NUMBER_OBJECT_CONVERSION = YES_AGGRESSIVE;
				CLANG_CXX_LANGUAGE_STANDARD = "gnu++0x";
				CLANG_CXX_LIBRARY = "libc++";
				CLANG_ENABLE_MODULES = YES;
				CLANG_ENABLE_OBJC_ARC = YES;
				CLANG_WARN_BOOL_CONVERSION = YES;
				CLANG_WARN_CONSTANT_CONVERSION = YES;
				CLANG_WARN_DIRECT_OBJC_ISA_USAGE = YES_ERROR;
				CLANG_WARN_DOCUMENTATION_COMMENTS = YES;
				CLANG_WARN_EMPTY_BODY = YES;
				CLANG_WARN_ENUM_CONVERSION = YES;
				CLANG_WARN_INFINITE_RECURSION = YES;
				CLANG_WARN_INT_CONVERSION = YES;
				CLANG_WARN_OBJC_ROOT_CLASS = YES_ERROR;
				CLANG_WARN_SUSPICIOUS_MOVE = YES;
				CLANG_WARN_UNREACHABLE_CODE = YES;
				CLANG_WARN__DUPLICATE_METHOD_MATCH = YES;
				"CODE_SIGN_IDENTITY[sdk=iphoneos*]" = "iPhone Developer";
				COPY_PHASE_STRIP = NO;
				DEBUG_INFORMATION_FORMAT = "dwarf-with-dsym";
				ENABLE_NS_ASSERTIONS = NO;
				ENABLE_STRICT_OBJC_MSGSEND = YES;
				GCC_C_LANGUAGE_STANDARD = gnu99;
				GCC_NO_COMMON_BLOCKS = YES;
				GCC_WARN_64_TO_32_BIT_CONVERSION = YES;
				GCC_WARN_ABOUT_RETURN_TYPE = YES_ERROR;
				GCC_WARN_UNDECLARED_SELECTOR = YES;
				GCC_WARN_UNINITIALIZED_AUTOS = YES_AGGRESSIVE;
				GCC_WARN_UNUSED_FUNCTION = YES;
				GCC_WARN_UNUSED_VARIABLE = YES;
				IPHONEOS_DEPLOYMENT_TARGET = 10.3;
				MTL_ENABLE_DEBUG_INFO = NO;
				SDKROOT = iphoneos;
				SWIFT_OPTIMIZATION_LEVEL = "-Owholemodule";
				VALIDATE_PRODUCT = YES;
			};
			name = Release;
		};
		FDB9022F1E94CB8A008CBAB1 /* Debug */ = {
			isa = XCBuildConfiguration;
			buildSettings = {
				ASSETCATALOG_COMPILER_APPICON_NAME = AppIcon;
				INFOPLIST_FILE = FlagHomework/Info.plist;
				LD_RUNPATH_SEARCH_PATHS = "$(inherited) @executable_path/Frameworks";
				PRODUCT_BUNDLE_IDENTIFIER = com.mpetkevic.FlagHomework;
				PRODUCT_NAME = "$(TARGET_NAME)";
				SWIFT_VERSION = 3.0;
			};
			name = Debug;
		};
		FDB902301E94CB8A008CBAB1 /* Release */ = {
			isa = XCBuildConfiguration;
			buildSettings = {
				ASSETCATALOG_COMPILER_APPICON_NAME = AppIcon;
				INFOPLIST_FILE = FlagHomework/Info.plist;
				LD_RUNPATH_SEARCH_PATHS = "$(inherited) @executable_path/Frameworks";
				PRODUCT_BUNDLE_IDENTIFIER = com.mpetkevic.FlagHomework;
				PRODUCT_NAME = "$(TARGET_NAME)";
				SWIFT_VERSION = 3.0;
			};
			name = Release;
		};
/* End XCBuildConfiguration section */

/* Begin XCConfigurationList section */
		FDB902171E94CB8A008CBAB1 /* Build configuration list for PBXProject "FlagHomework" */ = {
			isa = XCConfigurationList;
			buildConfigurations = (
				FDB9022C1E94CB8A008CBAB1 /* Debug */,
				FDB9022D1E94CB8A008CBAB1 /* Release */,
			);
			defaultConfigurationIsVisible = 0;
			defaultConfigurationName = Release;
		};
		FDB9022E1E94CB8A008CBAB1 /* Build configuration list for PBXNativeTarget "FlagHomework" */ = {
			isa = XCConfigurationList;
			buildConfigurations = (
				FDB9022F1E94CB8A008CBAB1 /* Debug */,
				FDB902301E94CB8A008CBAB1 /* Release */,
			);
			defaultConfigurationIsVisible = 0;
		};
/* End XCConfigurationList section */
	};
	rootObject = FDB902141E94CB8A008CBAB1 /* Project object */;
}
